// !$*UTF8*$!
{
	archiveVersion = 1;
	classes = {
	};
	objectVersion = 46;
	objects = {

/* Begin PBXBuildFile section */
		A939468B1B071137000B4720 /* main.m in Sources */ = {isa = PBXBuildFile; fileRef = A939468A1B071137000B4720 /* main.m */; };
		A939468E1B071137000B4720 /* AppDelegate.m in Sources */ = {isa = PBXBuildFile; fileRef = A939468D1B071137000B4720 /* AppDelegate.m */; };
		A93946911B071137000B4720 /* ViewController.m in Sources */ = {isa = PBXBuildFile; fileRef = A93946901B071137000B4720 /* ViewController.m */; };
		A93946941B071137000B4720 /* Main.storyboard in Resources */ = {isa = PBXBuildFile; fileRef = A93946921B071137000B4720 /* Main.storyboard */; };
		A93946961B071137000B4720 /* Images.xcassets in Resources */ = {isa = PBXBuildFile; fileRef = A93946951B071137000B4720 /* Images.xcassets */; };
		A93946991B071137000B4720 /* LaunchScreen.xib in Resources */ = {isa = PBXBuildFile; fileRef = A93946971B071137000B4720 /* LaunchScreen.xib */; };
		A93946A51B071137000B4720 /* LJViewPagerDemoTests.m in Sources */ = {isa = PBXBuildFile; fileRef = A93946A41B071137000B4720 /* LJViewPagerDemoTests.m */; };
		A93946B51B071185000B4720 /* LJViewPager.m in Sources */ = {isa = PBXBuildFile; fileRef = A93946B21B071185000B4720 /* LJViewPager.m */; };
		A93946B61B071185000B4720 /* UIScrollView+AllowScreenEdgePanGestureRecognizer.m in Sources */ = {isa = PBXBuildFile; fileRef = A93946B41B071185000B4720 /* UIScrollView+AllowScreenEdgePanGestureRecognizer.m */; };
		A93946BD1B0711A4000B4720 /* ViewController1.m in Sources */ = {isa = PBXBuildFile; fileRef = A93946B81B0711A4000B4720 /* ViewController1.m */; };
		A93946BE1B0711A4000B4720 /* ViewController2.m in Sources */ = {isa = PBXBuildFile; fileRef = A93946BA1B0711A4000B4720 /* ViewController2.m */; };
		A93946BF1B0711A4000B4720 /* ViewController3.m in Sources */ = {isa = PBXBuildFile; fileRef = A93946BC1B0711A4000B4720 /* ViewController3.m */; };
		A93946C21B073E5E000B4720 /* LJTabView.m in Sources */ = {isa = PBXBuildFile; fileRef = A93946C11B073E5E000B4720 /* LJTabView.m */; };
/* End PBXBuildFile section */

/* Begin PBXContainerItemProxy section */
		A939469F1B071137000B4720 /* PBXContainerItemProxy */ = {
			isa = PBXContainerItemProxy;
			containerPortal = A939467D1B071136000B4720 /* Project object */;
			proxyType = 1;
			remoteGlobalIDString = A93946841B071136000B4720;
			remoteInfo = LJViewPagerDemo;
		};
/* End PBXContainerItemProxy section */

/* Begin PBXFileReference section */
		A93946851B071136000B4720 /* LJViewPagerDemo.app */ = {isa = PBXFileReference; explicitFileType = wrapper.application; includeInIndex = 0; path = LJViewPagerDemo.app; sourceTree = BUILT_PRODUCTS_DIR; };
		A93946891B071137000B4720 /* Info.plist */ = {isa = PBXFileReference; lastKnownFileType = text.plist.xml; path = Info.plist; sourceTree = "<group>"; };
		A939468A1B071137000B4720 /* main.m */ = {isa = PBXFileReference; lastKnownFileType = sourcecode.c.objc; path = main.m; sourceTree = "<group>"; };
		A939468C1B071137000B4720 /* AppDelegate.h */ = {isa = PBXFileReference; lastKnownFileType = sourcecode.c.h; path = AppDelegate.h; sourceTree = "<group>"; };
		A939468D1B071137000B4720 /* AppDelegate.m */ = {isa = PBXFileReference; lastKnownFileType = sourcecode.c.objc; path = AppDelegate.m; sourceTree = "<group>"; };
		A939468F1B071137000B4720 /* ViewController.h */ = {isa = PBXFileReference; lastKnownFileType = sourcecode.c.h; path = ViewController.h; sourceTree = "<group>"; };
		A93946901B071137000B4720 /* ViewController.m */ = {isa = PBXFileReference; lastKnownFileType = sourcecode.c.objc; path = ViewController.m; sourceTree = "<group>"; };
		A93946931B071137000B4720 /* Base */ = {isa = PBXFileReference; lastKnownFileType = file.storyboard; name = Base; path = Base.lproj/Main.storyboard; sourceTree = "<group>"; };
		A93946951B071137000B4720 /* Images.xcassets */ = {isa = PBXFileReference; lastKnownFileType = folder.assetcatalog; path = Images.xcassets; sourceTree = "<group>"; };
		A93946981B071137000B4720 /* Base */ = {isa = PBXFileReference; lastKnownFileType = file.xib; name = Base; path = Base.lproj/LaunchScreen.xib; sourceTree = "<group>"; };
		A939469E1B071137000B4720 /* LJViewPagerDemoTests.xctest */ = {isa = PBXFileReference; explicitFileType = wrapper.cfbundle; includeInIndex = 0; path = LJViewPagerDemoTests.xctest; sourceTree = BUILT_PRODUCTS_DIR; };
		A93946A31B071137000B4720 /* Info.plist */ = {isa = PBXFileReference; lastKnownFileType = text.plist.xml; path = Info.plist; sourceTree = "<group>"; };
		A93946A41B071137000B4720 /* LJViewPagerDemoTests.m */ = {isa = PBXFileReference; lastKnownFileType = sourcecode.c.objc; path = LJViewPagerDemoTests.m; sourceTree = "<group>"; };
		A93946B11B071185000B4720 /* LJViewPager.h */ = {isa = PBXFileReference; fileEncoding = 4; lastKnownFileType = sourcecode.c.h; path = LJViewPager.h; sourceTree = "<group>"; };
		A93946B21B071185000B4720 /* LJViewPager.m */ = {isa = PBXFileReference; fileEncoding = 4; lastKnownFileType = sourcecode.c.objc; path = LJViewPager.m; sourceTree = "<group>"; };
		A93946B31B071185000B4720 /* UIScrollView+AllowScreenEdgePanGestureRecognizer.h */ = {isa = PBXFileReference; fileEncoding = 4; lastKnownFileType = sourcecode.c.h; path = "UIScrollView+AllowScreenEdgePanGestureRecognizer.h"; sourceTree = "<group>"; };
		A93946B41B071185000B4720 /* UIScrollView+AllowScreenEdgePanGestureRecognizer.m */ = {isa = PBXFileReference; fileEncoding = 4; lastKnownFileType = sourcecode.c.objc; path = "UIScrollView+AllowScreenEdgePanGestureRecognizer.m"; sourceTree = "<group>"; };
		A93946B71B0711A4000B4720 /* ViewController1.h */ = {isa = PBXFileReference; fileEncoding = 4; lastKnownFileType = sourcecode.c.h; path = ViewController1.h; sourceTree = "<group>"; };
		A93946B81B0711A4000B4720 /* ViewController1.m */ = {isa = PBXFileReference; fileEncoding = 4; lastKnownFileType = sourcecode.c.objc; path = ViewController1.m; sourceTree = "<group>"; };
		A93946B91B0711A4000B4720 /* ViewController2.h */ = {isa = PBXFileReference; fileEncoding = 4; lastKnownFileType = sourcecode.c.h; path = ViewController2.h; sourceTree = "<group>"; };
		A93946BA1B0711A4000B4720 /* ViewController2.m */ = {isa = PBXFileReference; fileEncoding = 4; lastKnownFileType = sourcecode.c.objc; path = ViewController2.m; sourceTree = "<group>"; };
		A93946BB1B0711A4000B4720 /* ViewController3.h */ = {isa = PBXFileReference; fileEncoding = 4; lastKnownFileType = sourcecode.c.h; path = ViewController3.h; sourceTree = "<group>"; };
		A93946BC1B0711A4000B4720 /* ViewController3.m */ = {isa = PBXFileReference; fileEncoding = 4; lastKnownFileType = sourcecode.c.objc; path = ViewController3.m; sourceTree = "<group>"; };
		A93946C01B073E5E000B4720 /* LJTabView.h */ = {isa = PBXFileReference; fileEncoding = 4; lastKnownFileType = sourcecode.c.h; path = LJTabView.h; sourceTree = "<group>"; };
		A93946C11B073E5E000B4720 /* LJTabView.m */ = {isa = PBXFileReference; fileEncoding = 4; lastKnownFileType = sourcecode.c.objc; path = LJTabView.m; sourceTree = "<group>"; };
/* End PBXFileReference section */

/* Begin PBXFrameworksBuildPhase section */
		A93946821B071136000B4720 /* Frameworks */ = {
			isa = PBXFrameworksBuildPhase;
			buildActionMask = 2147483647;
			files = (
			);
			runOnlyForDeploymentPostprocessing = 0;
		};
		A939469B1B071137000B4720 /* Frameworks */ = {
			isa = PBXFrameworksBuildPhase;
			buildActionMask = 2147483647;
			files = (
			);
			runOnlyForDeploymentPostprocessing = 0;
		};
/* End PBXFrameworksBuildPhase section */

/* Begin PBXGroup section */
		A939467C1B071136000B4720 = {
			isa = PBXGroup;
			children = (
				A93946871B071136000B4720 /* LJViewPagerDemo */,
				A93946A11B071137000B4720 /* LJViewPagerDemoTests */,
				A93946861B071136000B4720 /* Products */,
			);
			sourceTree = "<group>";
		};
		A93946861B071136000B4720 /* Products */ = {
			isa = PBXGroup;
			children = (
				A93946851B071136000B4720 /* LJViewPagerDemo.app */,
				A939469E1B071137000B4720 /* LJViewPagerDemoTests.xctest */,
			);
			name = Products;
			sourceTree = "<group>";
		};
		A93946871B071136000B4720 /* LJViewPagerDemo */ = {
			isa = PBXGroup;
			children = (
				A93946B01B071185000B4720 /* LJViewPager */,
				A939468C1B071137000B4720 /* AppDelegate.h */,
				A939468D1B071137000B4720 /* AppDelegate.m */,
				A939468F1B071137000B4720 /* ViewController.h */,
				A93946901B071137000B4720 /* ViewController.m */,
				A93946921B071137000B4720 /* Main.storyboard */,
				A93946B71B0711A4000B4720 /* ViewController1.h */,
				A93946B81B0711A4000B4720 /* ViewController1.m */,
				A93946B91B0711A4000B4720 /* ViewController2.h */,
				A93946BA1B0711A4000B4720 /* ViewController2.m */,
				A93946BB1B0711A4000B4720 /* ViewController3.h */,
				A93946BC1B0711A4000B4720 /* ViewController3.m */,
				A93946951B071137000B4720 /* Images.xcassets */,
				A93946971B071137000B4720 /* LaunchScreen.xib */,
				A93946881B071137000B4720 /* Supporting Files */,
			);
			path = LJViewPagerDemo;
			sourceTree = "<group>";
		};
		A93946881B071137000B4720 /* Supporting Files */ = {
			isa = PBXGroup;
			children = (
				A93946891B071137000B4720 /* Info.plist */,
				A939468A1B071137000B4720 /* main.m */,
			);
			name = "Supporting Files";
			sourceTree = "<group>";
		};
		A93946A11B071137000B4720 /* LJViewPagerDemoTests */ = {
			isa = PBXGroup;
			children = (
				A93946A41B071137000B4720 /* LJViewPagerDemoTests.m */,
				A93946A21B071137000B4720 /* Supporting Files */,
			);
			path = LJViewPagerDemoTests;
			sourceTree = "<group>";
		};
		A93946A21B071137000B4720 /* Supporting Files */ = {
			isa = PBXGroup;
			children = (
				A93946A31B071137000B4720 /* Info.plist */,
			);
			name = "Supporting Files";
			sourceTree = "<group>";
		};
		A93946B01B071185000B4720 /* LJViewPager */ = {
			isa = PBXGroup;
			children = (
				A93946B11B071185000B4720 /* LJViewPager.h */,
				A93946B21B071185000B4720 /* LJViewPager.m */,
				A93946B31B071185000B4720 /* UIScrollView+AllowScreenEdgePanGestureRecognizer.h */,
				A93946B41B071185000B4720 /* UIScrollView+AllowScreenEdgePanGestureRecognizer.m */,
				A93946C01B073E5E000B4720 /* LJTabView.h */,
				A93946C11B073E5E000B4720 /* LJTabView.m */,
			);
			name = LJViewPager;
			path = ../../LJViewPager;
			sourceTree = "<group>";
		};
/* End PBXGroup section */

/* Begin PBXNativeTarget section */
		A93946841B071136000B4720 /* LJViewPagerDemo */ = {
			isa = PBXNativeTarget;
			buildConfigurationList = A93946A81B071137000B4720 /* Build configuration list for PBXNativeTarget "LJViewPagerDemo" */;
			buildPhases = (
				A93946811B071136000B4720 /* Sources */,
				A93946821B071136000B4720 /* Frameworks */,
				A93946831B071136000B4720 /* Resources */,
			);
			buildRules = (
			);
			dependencies = (
			);
			name = LJViewPagerDemo;
			productName = LJViewPagerDemo;
			productReference = A93946851B071136000B4720 /* LJViewPagerDemo.app */;
			productType = "com.apple.product-type.application";
		};
		A939469D1B071137000B4720 /* LJViewPagerDemoTests */ = {
			isa = PBXNativeTarget;
			buildConfigurationList = A93946AB1B071137000B4720 /* Build configuration list for PBXNativeTarget "LJViewPagerDemoTests" */;
			buildPhases = (
				A939469A1B071137000B4720 /* Sources */,
				A939469B1B071137000B4720 /* Frameworks */,
				A939469C1B071137000B4720 /* Resources */,
			);
			buildRules = (
			);
			dependencies = (
				A93946A01B071137000B4720 /* PBXTargetDependency */,
			);
			name = LJViewPagerDemoTests;
			productName = LJViewPagerDemoTests;
			productReference = A939469E1B071137000B4720 /* LJViewPagerDemoTests.xctest */;
			productType = "com.apple.product-type.bundle.unit-test";
		};
/* End PBXNativeTarget section */

/* Begin PBXProject section */
		A939467D1B071136000B4720 /* Project object */ = {
			isa = PBXProject;
			attributes = {
				LastUpgradeCheck = 0630;
				ORGANIZATIONNAME = LJ;
				TargetAttributes = {
					A93946841B071136000B4720 = {
						CreatedOnToolsVersion = 6.3.1;
					};
					A939469D1B071137000B4720 = {
						CreatedOnToolsVersion = 6.3.1;
						TestTargetID = A93946841B071136000B4720;
					};
				};
			};
			buildConfigurationList = A93946801B071136000B4720 /* Build configuration list for PBXProject "LJViewPagerDemo" */;
			compatibilityVersion = "Xcode 3.2";
			developmentRegion = English;
			hasScannedForEncodings = 0;
			knownRegions = (
				en,
				Base,
			);
			mainGroup = A939467C1B071136000B4720;
			productRefGroup = A93946861B071136000B4720 /* Products */;
			projectDirPath = "";
			projectRoot = "";
			targets = (
				A93946841B071136000B4720 /* LJViewPagerDemo */,
				A939469D1B071137000B4720 /* LJViewPagerDemoTests */,
			);
		};
/* End PBXProject section */

/* Begin PBXResourcesBuildPhase section */
		A93946831B071136000B4720 /* Resources */ = {
			isa = PBXResourcesBuildPhase;
			buildActionMask = 2147483647;
			files = (
				A93946941B071137000B4720 /* Main.storyboard in Resources */,
				A93946991B071137000B4720 /* LaunchScreen.xib in Resources */,
				A93946961B071137000B4720 /* Images.xcassets in Resources */,
			);
			runOnlyForDeploymentPostprocessing = 0;
		};
		A939469C1B071137000B4720 /* Resources */ = {
			isa = PBXResourcesBuildPhase;
			buildActionMask = 2147483647;
			files = (
			);
			runOnlyForDeploymentPostprocessing = 0;
		};
/* End PBXResourcesBuildPhase section */

/* Begin PBXSourcesBuildPhase section */
		A93946811B071136000B4720 /* Sources */ = {
			isa = PBXSourcesBuildPhase;
			buildActionMask = 2147483647;
			files = (
				A93946BE1B0711A4000B4720 /* ViewController2.m in Sources */,
				A93946B61B071185000B4720 /* UIScrollView+AllowScreenEdgePanGestureRecognizer.m in Sources */,
				A93946B51B071185000B4720 /* LJViewPager.m in Sources */,
				A93946C21B073E5E000B4720 /* LJTabView.m in Sources */,
				A93946BD1B0711A4000B4720 /* ViewController1.m in Sources */,
				A93946911B071137000B4720 /* ViewController.m in Sources */,
				A939468E1B071137000B4720 /* AppDelegate.m in Sources */,
				A93946BF1B0711A4000B4720 /* ViewController3.m in Sources */,
				A939468B1B071137000B4720 /* main.m in Sources */,
			);
			runOnlyForDeploymentPostprocessing = 0;
		};
		A939469A1B071137000B4720 /* Sources */ = {
			isa = PBXSourcesBuildPhase;
			buildActionMask = 2147483647;
			files = (
				A93946A51B071137000B4720 /* LJViewPagerDemoTests.m in Sources */,
			);
			runOnlyForDeploymentPostprocessing = 0;
		};
/* End PBXSourcesBuildPhase section */

/* Begin PBXTargetDependency section */
		A93946A01B071137000B4720 /* PBXTargetDependency */ = {
			isa = PBXTargetDependency;
			target = A93946841B071136000B4720 /* LJViewPagerDemo */;
			targetProxy = A939469F1B071137000B4720 /* PBXContainerItemProxy */;
		};
/* End PBXTargetDependency section */

/* Begin PBXVariantGroup section */
		A93946921B071137000B4720 /* Main.storyboard */ = {
			isa = PBXVariantGroup;
			children = (
				A93946931B071137000B4720 /* Base */,
			);
			name = Main.storyboard;
			sourceTree = "<group>";
		};
		A93946971B071137000B4720 /* LaunchScreen.xib */ = {
			isa = PBXVariantGroup;
			children = (
				A93946981B071137000B4720 /* Base */,
			);
			name = LaunchScreen.xib;
			sourceTree = "<group>";
		};
/* End PBXVariantGroup section */

/* Begin XCBuildConfiguration section */
		A93946A61B071137000B4720 /* Debug */ = {
			isa = XCBuildConfiguration;
			buildSettings = {
				ALWAYS_SEARCH_USER_PATHS = NO;
				CLANG_CXX_LANGUAGE_STANDARD = "gnu++0x";
				CLANG_CXX_LIBRARY = "libc++";
				CLANG_ENABLE_MODULES = YES;
				CLANG_ENABLE_OBJC_ARC = YES;
				CLANG_WARN_BOOL_CONVERSION = YES;
				CLANG_WARN_CONSTANT_CONVERSION = YES;
				CLANG_WARN_DIRECT_OBJC_ISA_USAGE = YES_ERROR;
				CLANG_WARN_EMPTY_BODY = YES;
				CLANG_WARN_ENUM_CONVERSION = YES;
				CLANG_WARN_INT_CONVERSION = YES;
				CLANG_WARN_OBJC_ROOT_CLASS = YES_ERROR;
				CLANG_WARN_UNREACHABLE_CODE = YES;
				CLANG_WARN__DUPLICATE_METHOD_MATCH = YES;
				"CODE_SIGN_IDENTITY[sdk=iphoneos*]" = "iPhone Developer";
				COPY_PHASE_STRIP = NO;
				DEBUG_INFORMATION_FORMAT = "dwarf-with-dsym";
				ENABLE_STRICT_OBJC_MSGSEND = YES;
				GCC_C_LANGUAGE_STANDARD = gnu99;
				GCC_DYNAMIC_NO_PIC = NO;
				GCC_NO_COMMON_BLOCKS = YES;
				GCC_OPTIMIZATION_LEVEL = 0;
				GCC_PREPROCESSOR_DEFINITIONS = (
					"DEBUG=1",
					"$(inherited)",
				);
				GCC_SYMBOLS_PRIVATE_EXTERN = NO;
				GCC_WARN_64_TO_32_BIT_CONVERSION = YES;
				GCC_WARN_ABOUT_RETURN_TYPE = YES_ERROR;
				GCC_WARN_UNDECLARED_SELECTOR = YES;
				GCC_WARN_UNINITIALIZED_AUTOS = YES_AGGRESSIVE;
				GCC_WARN_UNUSED_FUNCTION = YES;
				GCC_WARN_UNUSED_VARIABLE = YES;
				IPHONEOS_DEPLOYMENT_TARGET = 8.3;
				MTL_ENABLE_DEBUG_INFO = YES;
				ONLY_ACTIVE_ARCH = YES;
				SDKROOT = iphoneos;
			};
			name = Debug;
		};
		A93946A71B071137000B4720 /* Release */ = {
			isa = XCBuildConfiguration;
			buildSettings = {
				ALWAYS_SEARCH_USER_PATHS = NO;
				CLANG_CXX_LANGUAGE_STANDARD = "gnu++0x";
				CLANG_CXX_LIBRARY = "libc++";
				CLANG_ENABLE_MODULES = YES;
				CLANG_ENABLE_OBJC_ARC = YES;
				CLANG_WARN_BOOL_CONVERSION = YES;
				CLANG_WARN_CONSTANT_CONVERSION = YES;
				CLANG_WARN_DIRECT_OBJC_ISA_USAGE = YES_ERROR;
				CLANG_WARN_EMPTY_BODY = YES;
				CLANG_WARN_ENUM_CONVERSION = YES;
				CLANG_WARN_INT_CONVERSION = YES;
				CLANG_WARN_OBJC_ROOT_CLASS = YES_ERROR;
				CLANG_WARN_UNREACHABLE_CODE = YES;
				CLANG_WARN__DUPLICATE_METHOD_MATCH = YES;
				"CODE_SIGN_IDENTITY[sdk=iphoneos*]" = "iPhone Developer";
				COPY_PHASE_STRIP = NO;
				DEBUG_INFORMATION_FORMAT = "dwarf-with-dsym";
				ENABLE_NS_ASSERTIONS = NO;
				ENABLE_STRICT_OBJC_MSGSEND = YES;
				GCC_C_LANGUAGE_STANDARD = gnu99;
				GCC_NO_COMMON_BLOCKS = YES;
				GCC_WARN_64_TO_32_BIT_CONVERSION = YES;
				GCC_WARN_ABOUT_RETURN_TYPE = YES_ERROR;
				GCC_WARN_UNDECLARED_SELECTOR = YES;
				GCC_WARN_UNINITIALIZED_AUTOS = YES_AGGRESSIVE;
				GCC_WARN_UNUSED_FUNCTION = YES;
				GCC_WARN_UNUSED_VARIABLE = YES;
				IPHONEOS_DEPLOYMENT_TARGET = 8.3;
				MTL_ENABLE_DEBUG_INFO = NO;
				SDKROOT = iphoneos;
				VALIDATE_PRODUCT = YES;
			};
			name = Release;
		};
		A93946A91B071137000B4720 /* Debug */ = {
			isa = XCBuildConfiguration;
			buildSettings = {
				ASSETCATALOG_COMPILER_APPICON_NAME = AppIcon;
				CODE_SIGN_IDENTITY = "iPhone Developer";
				"CODE_SIGN_IDENTITY[sdk=iphoneos*]" = "iPhone Developer";
				INFOPLIST_FILE = LJViewPagerDemo/Info.plist;
				LD_RUNPATH_SEARCH_PATHS = "$(inherited) @executable_path/Frameworks";
				PRODUCT_NAME = "$(TARGET_NAME)";
				PROVISIONING_PROFILE = "";
			};
			name = Debug;
		};
		A93946AA1B071137000B4720 /* Release */ = {
			isa = XCBuildConfiguration;
			buildSettings = {
				ASSETCATALOG_COMPILER_APPICON_NAME = AppIcon;
				CODE_SIGN_IDENTITY = "iPhone Developer";
				"CODE_SIGN_IDENTITY[sdk=iphoneos*]" = "iPhone Developer";
				INFOPLIST_FILE = LJViewPagerDemo/Info.plist;
				LD_RUNPATH_SEARCH_PATHS = "$(inherited) @executable_path/Frameworks";
				PRODUCT_NAME = "$(TARGET_NAME)";
				PROVISIONING_PROFILE = "";
			};
			name = Release;
		};
		A93946AC1B071137000B4720 /* Debug */ = {
			isa = XCBuildConfiguration;
			buildSettings = {
				BUNDLE_LOADER = "$(TEST_HOST)";
				FRAMEWORK_SEARCH_PATHS = (
					"$(SDKROOT)/Developer/Library/Frameworks",
					"$(inherited)",
				);
				GCC_PREPROCESSOR_DEFINITIONS = (
					"DEBUG=1",
					"$(inherited)",
				);
				INFOPLIST_FILE = LJViewPagerDemoTests/Info.plist;
				LD_RUNPATH_SEARCH_PATHS = "$(inherited) @executable_path/Frameworks @loader_path/Frameworks";
				PRODUCT_NAME = "$(TARGET_NAME)";
				TEST_HOST = "$(BUILT_PRODUCTS_DIR)/LJViewPagerDemo.app/LJViewPagerDemo";
			};
			name = Debug;
		};
		A93946AD1B071137000B4720 /* Release */ = {
			isa = XCBuildConfiguration;
			buildSettings = {
				BUNDLE_LOADER = "$(TEST_HOST)";
				FRAMEWORK_SEARCH_PATHS = (
					"$(SDKROOT)/Developer/Library/Frameworks",
					"$(inherited)",
				);
				INFOPLIST_FILE = LJViewPagerDemoTests/Info.plist;
				LD_RUNPATH_SEARCH_PATHS = "$(inherited) @executable_path/Frameworks @loader_path/Frameworks";
				PRODUCT_NAME = "$(TARGET_NAME)";
				TEST_HOST = "$(BUILT_PRODUCTS_DIR)/LJViewPagerDemo.app/LJViewPagerDemo";
			};
			name = Release;
		};
/* End XCBuildConfiguration section */

/* Begin XCConfigurationList section */
		A93946801B071136000B4720 /* Build configuration list for PBXProject "LJViewPagerDemo" */ = {
			isa = XCConfigurationList;
			buildConfigurations = (
				A93946A61B071137000B4720 /* Debug */,
				A93946A71B071137000B4720 /* Release */,
			);
			defaultConfigurationIsVisible = 0;
			defaultConfigurationName = Release;
		};
		A93946A81B071137000B4720 /* Build configuration list for PBXNativeTarget "LJViewPagerDemo" */ = {
			isa = XCConfigurationList;
			buildConfigurations = (
				A93946A91B071137000B4720 /* Debug */,
				A93946AA1B071137000B4720 /* Release */,
			);
			defaultConfigurationIsVisible = 0;
		};
		A93946AB1B071137000B4720 /* Build configuration list for PBXNativeTarget "LJViewPagerDemoTests" */ = {
			isa = XCConfigurationList;
			buildConfigurations = (
				A93946AC1B071137000B4720 /* Debug */,
				A93946AD1B071137000B4720 /* Release */,
			);
			defaultConfigurationIsVisible = 0;
		};
/* End XCConfigurationList section */
	};
	rootObject = A939467D1B071136000B4720 /* Project object */;
}
